{
  "name": "fluid-structure-interactive",
  "lockfileVersion": 3,
  "requires": true,
  "packages": {
    "": {
      "devDependencies": {
        "@webgpu/types": "^0.1.46",
        "typescript": "^5.6.2"
      }
    },
    "node_modules/@webgpu/types": {
      "version": "0.1.46",
      "resolved": "https://registry.npmjs.org/@webgpu/types/-/types-0.1.46.tgz",
      "integrity": "sha512-2iogO6Zh0pTbKLGZuuGWEmJpF/fTABGs7G9wXxpn7s24XSJchSUIiMqIJHURi5zsMZRRTuXrV/3GLOkmOFjq5w==",
      "dev": true,
      "license": "BSD-3-Clause"
    },
    "node_modules/typescript": {
      "version": "5.6.2",
      "resolved": "https://registry.npmjs.org/typescript/-/typescript-5.6.2.tgz",
      "integrity": "sha512-NW8ByodCSNCwZeghjN3o+JX5OFH0Ojg6sadjEKY4huZ52TqbJTJnDo5+Tw98lSy63NZvi4n+ez5m2u5d4PkZyw==",
      "dev": true,
      "license": "Apache-2.0",
      "bin": {
        "tsc": "bin/tsc",
        "tsserver": "bin/tsserver"
      },
      "engines": {
        "node": ">=14.17"
      }
    }
  }
}
