{
  "name": "fluid-structure-interactive",
  "lockfileVersion": 3,
  "requires": true,
  "packages": {
    "": {
      "devDependencies": {
        "@types/node": "^22.6.1",
        "@webgpu/types": "^0.1.46",
        "typescript": "^5.6.2"
      }
    },
    "node_modules/@types/node": {
      "version": "22.6.1",
      "resolved": "https://registry.npmjs.org/@types/node/-/node-22.6.1.tgz",
      "integrity": "sha512-V48tCfcKb/e6cVUigLAaJDAILdMP0fUW6BidkPK4GpGjXcfbnoHasCZDwz3N3yVt5we2RHm4XTQCpv0KJz9zqw==",
      "dev": true,
      "license": "MIT",
      "dependencies": {
        "undici-types": "~6.19.2"
      }
    },
    "node_modules/@webgpu/types": {
      "version": "0.1.46",
      "resolved": "https://registry.npmjs.org/@webgpu/types/-/types-0.1.46.tgz",
      "integrity": "sha512-2iogO6Zh0pTbKLGZuuGWEmJpF/fTABGs7G9wXxpn7s24XSJchSUIiMqIJHURi5zsMZRRTuXrV/3GLOkmOFjq5w==",
      "dev": true,
      "license": "BSD-3-Clause"
    },
    "node_modules/typescript": {
      "version": "5.6.2",
      "resolved": "https://registry.npmjs.org/typescript/-/typescript-5.6.2.tgz",
      "integrity": "sha512-NW8ByodCSNCwZeghjN3o+JX5OFH0Ojg6sadjEKY4huZ52TqbJTJnDo5+Tw98lSy63NZvi4n+ez5m2u5d4PkZyw==",
      "dev": true,
      "license": "Apache-2.0",
      "bin": {
        "tsc": "bin/tsc",
        "tsserver": "bin/tsserver"
      },
      "engines": {
        "node": ">=14.17"
      }
    },
    "node_modules/undici-types": {
      "version": "6.19.8",
      "resolved": "https://registry.npmjs.org/undici-types/-/undici-types-6.19.8.tgz",
      "integrity": "sha512-ve2KP6f/JnbPBFyobGHuerC9g1FYGn/F8n1LWTwNxCEzd6IfqTwUQcNXgEtmmQ6DlRrC1hrSrBnCZPokRrDHjw==",
      "dev": true,
      "license": "MIT"
    }
  }
}
